{
    "version": 3,
    "terraform_version": "0.10.2",
    "serial": 5,
    "lineage": "94d3edb3-86b4-4165-a320-167633e65cd8",
    "modules": [
        {
            "path": [
                "root"
            ],
            "outputs": {},
            "resources": {
                "digitalocean_tag.tag": {
                    "type": "digitalocean_tag",
                    "depends_on": [],
                    "primary": {
                        "id": "stress",
                        "attributes": {
                            "id": "stress",
                            "name": "stress"
                        },
                        "meta": {},
                        "tainted": false
                    },
                    "deposed": [],
                    "provider": ""
                },
                "digitalocean_volume.storageos-volume.0": {
                    "type": "digitalocean_volume",
                    "depends_on": [],
                    "primary": {
                        "id": "247aeeb9-919a-11e7-aa86-0242ac113802",
                        "attributes": {
                            "description": "volume for storageOS cluster",
                            "droplet_ids.#": "0",
                            "id": "247aeeb9-919a-11e7-aa86-0242ac113802",
                            "name": "storageos-volume-0",
                            "region": "nyc1",
                            "size": "3"
                        },
                        "meta": {},
                        "tainted": false
                    },
                    "deposed": [],
                    "provider": ""
                },
                "digitalocean_volume.storageos-volume.1": {
                    "type": "digitalocean_volume",
                    "depends_on": [],
                    "primary": {
                        "id": "24d53182-919a-11e7-aa86-0242ac113802",
                        "attributes": {
                            "description": "volume for storageOS cluster",
                            "droplet_ids.#": "0",
                            "id": "24d53182-919a-11e7-aa86-0242ac113802",
                            "name": "storageos-volume-1",
                            "region": "nyc1",
                            "size": "3"
                        },
                        "meta": {},
                        "tainted": false
                    },
                    "deposed": [],
                    "provider": ""
                },
                "digitalocean_volume.storageos-volume.2": {
                    "type": "digitalocean_volume",
                    "depends_on": [],
                    "primary": {
                        "id": "246d9afd-919a-11e7-afc1-0242ac112710",
                        "attributes": {
                            "description": "volume for storageOS cluster",
                            "droplet_ids.#": "0",
                            "id": "246d9afd-919a-11e7-afc1-0242ac112710",
                            "name": "storageos-volume-2",
                            "region": "nyc1",
                            "size": "3"
                        },
                        "meta": {},
                        "tainted": false
                    },
                    "deposed": [],
                    "provider": ""
                }
            },
            "depends_on": []
        }
    ]
}
