{
    "version": 3,
    "terraform_version": "0.10.2",
    "serial": 27,
    "lineage": "14b4176e-2460-4ef4-b330-03cc95b4acc2",
    "modules": [
        {
            "path": [
                "root"
            ],
            "outputs": {
                "cluster_conn": {
                    "sensitive": false,
                    "type": "list",
                    "value": [
                        "139.59.178.124",
                        "139.59.178.73",
                        "139.59.178.127"
                    ]
                },
                "cluster_conn_2": {
                    "sensitive": false,
                    "type": "list",
                    "value": [
                        "178.62.99.20",
                        "178.62.83.116",
                        "46.101.37.129"
                    ]
                }
            },
            "resources": {
                "digitalocean_ssh_key.default": {
                    "type": "digitalocean_ssh_key",
                    "depends_on": [],
                    "primary": {
                        "id": "12693775",
                        "attributes": {
                            "fingerprint": "b1:cd:87:e6:e9:79:4a:eb:05:a0:83:65:18:18:6e:a5",
                            "id": "12693775",
                            "name": "storageos ssh key",
                            "public_key": "ssh-rsa AAAAB3NzaC1yc2EAAAADAQABAAACAQDLSvMLwUKTbP7NXyIfgJJ51KdO7H+oZW2K0H2nmxYVTeYQ8AjrdMlpKcnAa85wfJme1/kTThxaFTnKRm9zoTse2O3FQxebkuiCtcJroxq2ExMiLt3ztsOW8XhkV1P6zQKwy19Z/cffchd58imGJFKNkYKaO5US4sqde0Fdx6tn/5E183l2c8GA4cobBPXLdMWdAu3Y/bOzaYAvpRYxy0tIRKim1CpryBRKLlMOLFjJBMTBt2+QKwT97FQccusXRl0YIA8hZHbUlj72nJ62M1/r62hpww6nJz0FhtceI+nO+ABkqDoGqisym32tfCS86GZrTDuL4v8P+zTetw/jaRC+19r8YrSpP3EgbdVdEQzil/YT2APe+DYP+mX16bCv1CvXPYGVmBuELWnTVVb4qpfFbf+CLPzsWQ3KasmA0mDPUKSBoyohmYPhnNUUfVBpbV8KC2o5bnMskQQOXkK61MOLtVJNdd9kaexaZmSFjIxFjXwz2CzoENeImoGymw9+aDR6TC1aKvnbZdxCFNEdk7aNq98S57xmD0rswSPTIA0EbK6BFeCwP3VaYMMjRCllwaKUN7I0oISS35EXKELynrRL7ZegzS1L5pGwT3HFgYoNwHE+HpWZmvUTBggVMG1J5NgvMrjtRvxz6xXQZnuiB3PtcX5c53SOHcF7kaO8thSIZQ== houssem@houssem-PowerEdge-T20"
                        },
                        "meta": {},
                        "tainted": false
                    },
                    "deposed": [],
                    "provider": ""
                },
                "null_resource.copy-stress-tests.0": {
                    "type": "null_resource",
                    "depends_on": [
                        "module.storageos_cluster"
                    ],
                    "primary": {
                        "id": "6054714474749979143",
                        "attributes": {
                            "id": "6054714474749979143"
                        },
                        "meta": {},
                        "tainted": false
                    },
                    "deposed": [],
                    "provider": ""
                },
                "null_resource.copy-stress-tests.1": {
                    "type": "null_resource",
                    "depends_on": [
                        "module.storageos_cluster"
                    ],
                    "primary": {
                        "id": "3573864546269555479",
                        "attributes": {
                            "id": "3573864546269555479"
                        },
                        "meta": {},
                        "tainted": false
                    },
                    "deposed": [],
                    "provider": ""
                },
                "null_resource.copy-stress-tests.2": {
                    "type": "null_resource",
                    "depends_on": [
                        "module.storageos_cluster"
                    ],
                    "primary": {
                        "id": "375310191722494902",
                        "attributes": {
                            "id": "375310191722494902"
                        },
                        "meta": {},
                        "tainted": false
                    },
                    "deposed": [],
                    "provider": ""
                },
                "null_resource.copy-stress-tests_2.0": {
                    "type": "null_resource",
                    "depends_on": [
                        "module.storageos_cluster_2"
                    ],
                    "primary": {
                        "id": "6064505768692628253",
                        "attributes": {
                            "id": "6064505768692628253"
                        },
                        "meta": {},
                        "tainted": false
                    },
                    "deposed": [],
                    "provider": ""
                },
                "null_resource.copy-stress-tests_2.1": {
                    "type": "null_resource",
                    "depends_on": [
                        "module.storageos_cluster_2"
                    ],
                    "primary": {
                        "id": "545897246750750690",
                        "attributes": {
                            "id": "545897246750750690"
                        },
                        "meta": {},
                        "tainted": false
                    },
                    "deposed": [],
                    "provider": ""
                },
                "null_resource.copy-stress-tests_2.2": {
                    "type": "null_resource",
                    "depends_on": [
                        "module.storageos_cluster_2"
                    ],
                    "primary": {
                        "id": "6764272244501053525",
                        "attributes": {
                            "id": "6764272244501053525"
                        },
                        "meta": {},
                        "tainted": false
                    },
                    "deposed": [],
                    "provider": ""
                }
            },
            "depends_on": []
        },
        {
            "path": [
                "root",
                "storageos_cluster"
            ],
            "outputs": {
                "ip-addrs": {
                    "sensitive": false,
                    "type": "list",
                    "value": [
                        "139.59.178.124",
                        "139.59.178.73",
                        "139.59.178.127"
                    ]
                }
            },
            "resources": {
                "data.template_file.cluster_config": {
                    "type": "template_file",
                    "depends_on": [
                        "digitalocean_droplet.storageos-ubuntu.*"
                    ],
                    "primary": {
                        "id": "9284cb38768e14f7a26c32d9a8e99104b5300f10bc9e51922ec80d5aca1ac487",
                        "attributes": {
                            "id": "9284cb38768e14f7a26c32d9a8e99104b5300f10bc9e51922ec80d5aca1ac487",
                            "rendered": "INITIAL_CLUSTER=machine-0=http://139.59.178.124:5707,machine-1=http://139.59.178.73:5707,machine-2=http://139.59.178.127:5707",
                            "template": "INITIAL_CLUSTER=machine-0=http://139.59.178.124:5707,machine-1=http://139.59.178.73:5707,machine-2=http://139.59.178.127:5707"
                        },
                        "meta": {},
                        "tainted": false
                    },
                    "deposed": [],
                    "provider": ""
                },
                "digitalocean_droplet.storageos-ubuntu.0": {
                    "type": "digitalocean_droplet",
                    "depends_on": [
                        "digitalocean_tag.tag"
                    ],
                    "primary": {
                        "id": "61242940",
                        "attributes": {
                            "disk": "40",
                            "id": "61242940",
                            "image": "ubuntu-16-04-x64",
                            "ipv4_address": "139.59.178.124",
                            "ipv4_address_private": "10.131.49.15",
                            "locked": "false",
                            "name": "machine-0",
                            "price_hourly": "0.02976",
                            "price_monthly": "20",
                            "private_networking": "true",
                            "region": "lon1",
                            "resize_disk": "true",
                            "size": "2gb",
                            "ssh_keys.#": "1",
                            "ssh_keys.0": "b1:cd:87:e6:e9:79:4a:eb:05:a0:83:65:18:18:6e:a5",
                            "status": "active",
                            "tags.#": "1",
                            "tags.0": "stress-blablabla",
                            "vcpus": "2"
                        },
                        "meta": {},
                        "tainted": false
                    },
                    "deposed": [],
                    "provider": ""
                },
                "digitalocean_droplet.storageos-ubuntu.1": {
                    "type": "digitalocean_droplet",
                    "depends_on": [
                        "digitalocean_tag.tag"
                    ],
                    "primary": {
                        "id": "61242939",
                        "attributes": {
                            "disk": "40",
                            "id": "61242939",
                            "image": "ubuntu-16-04-x64",
                            "ipv4_address": "139.59.178.73",
                            "ipv4_address_private": "10.131.49.14",
                            "locked": "false",
                            "name": "machine-1",
                            "price_hourly": "0.02976",
                            "price_monthly": "20",
                            "private_networking": "true",
                            "region": "lon1",
                            "resize_disk": "true",
                            "size": "2gb",
                            "ssh_keys.#": "1",
                            "ssh_keys.0": "b1:cd:87:e6:e9:79:4a:eb:05:a0:83:65:18:18:6e:a5",
                            "status": "active",
                            "tags.#": "1",
                            "tags.0": "stress-blablabla",
                            "vcpus": "2"
                        },
                        "meta": {},
                        "tainted": false
                    },
                    "deposed": [],
                    "provider": ""
                },
                "digitalocean_droplet.storageos-ubuntu.2": {
                    "type": "digitalocean_droplet",
                    "depends_on": [
                        "digitalocean_tag.tag"
                    ],
                    "primary": {
                        "id": "61242942",
                        "attributes": {
                            "disk": "40",
                            "id": "61242942",
                            "image": "ubuntu-16-04-x64",
                            "ipv4_address": "139.59.178.127",
                            "ipv4_address_private": "10.131.49.17",
                            "locked": "false",
                            "name": "machine-2",
                            "price_hourly": "0.02976",
                            "price_monthly": "20",
                            "private_networking": "true",
                            "region": "lon1",
                            "resize_disk": "true",
                            "size": "2gb",
                            "ssh_keys.#": "1",
                            "ssh_keys.0": "b1:cd:87:e6:e9:79:4a:eb:05:a0:83:65:18:18:6e:a5",
                            "status": "active",
                            "tags.#": "1",
                            "tags.0": "stress-blablabla",
                            "vcpus": "2"
                        },
                        "meta": {},
                        "tainted": false
                    },
                    "deposed": [],
                    "provider": ""
                },
                "digitalocean_tag.tag": {
                    "type": "digitalocean_tag",
                    "depends_on": [],
                    "primary": {
                        "id": "stress-blablabla",
                        "attributes": {
                            "id": "stress-blablabla",
                            "name": "stress-blablabla"
                        },
                        "meta": {},
                        "tainted": false
                    },
                    "deposed": [],
                    "provider": ""
                },
                "null_resource.run-storageOS.0": {
                    "type": "null_resource",
                    "depends_on": [
                        "data.template_file.cluster_config",
                        "digitalocean_droplet.storageos-ubuntu.*"
                    ],
                    "primary": {
                        "id": "8861101925040890275",
                        "attributes": {
                            "id": "8861101925040890275"
                        },
                        "meta": {},
                        "tainted": false
                    },
                    "deposed": [],
                    "provider": ""
                },
                "null_resource.run-storageOS.1": {
                    "type": "null_resource",
                    "depends_on": [
                        "data.template_file.cluster_config",
                        "digitalocean_droplet.storageos-ubuntu.*"
                    ],
                    "primary": {
                        "id": "2177108920396469335",
                        "attributes": {
                            "id": "2177108920396469335"
                        },
                        "meta": {},
                        "tainted": false
                    },
                    "deposed": [],
                    "provider": ""
                },
                "null_resource.run-storageOS.2": {
                    "type": "null_resource",
                    "depends_on": [
                        "data.template_file.cluster_config",
                        "digitalocean_droplet.storageos-ubuntu.*"
                    ],
                    "primary": {
                        "id": "2316011835619664335",
                        "attributes": {
                            "id": "2316011835619664335"
                        },
                        "meta": {},
                        "tainted": false
                    },
                    "deposed": [],
                    "provider": ""
                }
            },
            "depends_on": []
        },
        {
            "path": [
                "root",
                "storageos_cluster_2"
            ],
            "outputs": {
                "ip-addrs": {
                    "sensitive": false,
                    "type": "list",
                    "value": [
                        "178.62.99.20",
                        "178.62.83.116",
                        "46.101.37.129"
                    ]
                }
            },
            "resources": {
                "data.template_file.cluster_config": {
                    "type": "template_file",
                    "depends_on": [
                        "digitalocean_droplet.storageos-ubuntu.*"
                    ],
                    "primary": {
                        "id": "b985621ef7973f16161bc7c62e41c4a2b7012685c5f12bc9d92f8f9db455e4d4",
                        "attributes": {
                            "id": "b985621ef7973f16161bc7c62e41c4a2b7012685c5f12bc9d92f8f9db455e4d4",
                            "rendered": "INITIAL_CLUSTER=machine-0=http://178.62.99.20:5707,machine-1=http://178.62.83.116:5707,machine-2=http://46.101.37.129:5707",
                            "template": "INITIAL_CLUSTER=machine-0=http://178.62.99.20:5707,machine-1=http://178.62.83.116:5707,machine-2=http://46.101.37.129:5707"
                        },
                        "meta": {},
                        "tainted": false
                    },
                    "deposed": [],
                    "provider": ""
                },
                "digitalocean_droplet.storageos-ubuntu.0": {
                    "type": "digitalocean_droplet",
                    "depends_on": [
                        "digitalocean_tag.tag"
                    ],
                    "primary": {
                        "id": "61244286",
                        "attributes": {
                            "disk": "40",
                            "id": "61244286",
                            "image": "ubuntu-16-04-x64",
                            "ipv4_address": "178.62.99.20",
                            "ipv4_address_private": "10.131.45.17",
                            "locked": "false",
                            "name": "machine-0",
                            "price_hourly": "0.02976",
                            "price_monthly": "20",
                            "private_networking": "true",
                            "region": "lon1",
                            "resize_disk": "true",
                            "size": "2gb",
                            "ssh_keys.#": "1",
                            "ssh_keys.0": "b1:cd:87:e6:e9:79:4a:eb:05:a0:83:65:18:18:6e:a5",
                            "status": "active",
                            "tags.#": "1",
                            "tags.0": "stress-blablabla",
                            "vcpus": "2"
                        },
                        "meta": {},
                        "tainted": false
                    },
                    "deposed": [],
                    "provider": ""
                },
                "digitalocean_droplet.storageos-ubuntu.1": {
                    "type": "digitalocean_droplet",
                    "depends_on": [
                        "digitalocean_tag.tag"
                    ],
                    "primary": {
                        "id": "61244285",
                        "attributes": {
                            "disk": "40",
                            "id": "61244285",
                            "image": "ubuntu-16-04-x64",
                            "ipv4_address": "178.62.83.116",
                            "ipv4_address_private": "10.131.27.163",
                            "locked": "false",
                            "name": "machine-1",
                            "price_hourly": "0.02976",
                            "price_monthly": "20",
                            "private_networking": "true",
                            "region": "lon1",
                            "resize_disk": "true",
                            "size": "2gb",
                            "ssh_keys.#": "1",
                            "ssh_keys.0": "b1:cd:87:e6:e9:79:4a:eb:05:a0:83:65:18:18:6e:a5",
                            "status": "active",
                            "tags.#": "1",
                            "tags.0": "stress-blablabla",
                            "vcpus": "2"
                        },
                        "meta": {},
                        "tainted": false
                    },
                    "deposed": [],
                    "provider": ""
                },
                "digitalocean_droplet.storageos-ubuntu.2": {
                    "type": "digitalocean_droplet",
                    "depends_on": [
                        "digitalocean_tag.tag"
                    ],
                    "primary": {
                        "id": "61244287",
                        "attributes": {
                            "disk": "40",
                            "id": "61244287",
                            "image": "ubuntu-16-04-x64",
                            "ipv4_address": "46.101.37.129",
                            "ipv4_address_private": "10.131.45.113",
                            "locked": "false",
                            "name": "machine-2",
                            "price_hourly": "0.02976",
                            "price_monthly": "20",
                            "private_networking": "true",
                            "region": "lon1",
                            "resize_disk": "true",
                            "size": "2gb",
                            "ssh_keys.#": "1",
                            "ssh_keys.0": "b1:cd:87:e6:e9:79:4a:eb:05:a0:83:65:18:18:6e:a5",
                            "status": "active",
                            "tags.#": "1",
                            "tags.0": "stress-blablabla",
                            "vcpus": "2"
                        },
                        "meta": {},
                        "tainted": false
                    },
                    "deposed": [],
                    "provider": ""
                },
                "digitalocean_tag.tag": {
                    "type": "digitalocean_tag",
                    "depends_on": [],
                    "primary": {
                        "id": "stress-blablabla",
                        "attributes": {
                            "id": "stress-blablabla",
                            "name": "stress-blablabla"
                        },
                        "meta": {},
                        "tainted": false
                    },
                    "deposed": [],
                    "provider": ""
                },
                "null_resource.run-storageOS.0": {
                    "type": "null_resource",
                    "depends_on": [
                        "data.template_file.cluster_config",
                        "digitalocean_droplet.storageos-ubuntu.*"
                    ],
                    "primary": {
                        "id": "7503109456130624228",
                        "attributes": {
                            "id": "7503109456130624228"
                        },
                        "meta": {},
                        "tainted": false
                    },
                    "deposed": [],
                    "provider": ""
                },
                "null_resource.run-storageOS.1": {
                    "type": "null_resource",
                    "depends_on": [
                        "data.template_file.cluster_config",
                        "digitalocean_droplet.storageos-ubuntu.*"
                    ],
                    "primary": {
                        "id": "5465763899677183112",
                        "attributes": {
                            "id": "5465763899677183112"
                        },
                        "meta": {},
                        "tainted": false
                    },
                    "deposed": [],
                    "provider": ""
                },
                "null_resource.run-storageOS.2": {
                    "type": "null_resource",
                    "depends_on": [
                        "data.template_file.cluster_config",
                        "digitalocean_droplet.storageos-ubuntu.*"
                    ],
                    "primary": {
                        "id": "151226611586589217",
                        "attributes": {
                            "id": "151226611586589217"
                        },
                        "meta": {},
                        "tainted": false
                    },
                    "deposed": [],
                    "provider": ""
                }
            },
            "depends_on": []
        }
    ]
}
