{
    "version": 3,
    "terraform_version": "0.10.2",
    "serial": 53,
    "lineage": "14b4176e-2460-4ef4-b330-03cc95b4acc2",
    "modules": [
        {
            "path": [
                "root"
            ],
            "outputs": {
                "cluster_conn-low-0_8_1": {
                    "sensitive": false,
                    "type": "list",
                    "value": [
                        "46.101.56.190",
                        "178.62.114.126",
                        "46.101.44.95"
                    ]
                }
            },
            "resources": {
                "digitalocean_ssh_key.default": {
                    "type": "digitalocean_ssh_key",
                    "depends_on": [],
                    "primary": {
                        "id": "12861072",
                        "attributes": {
                            "fingerprint": "b1:cd:87:e6:e9:79:4a:eb:05:a0:83:65:18:18:6e:a5",
                            "id": "12861072",
                            "name": "storageos ssh key",
                            "public_key": "ssh-rsa AAAAB3NzaC1yc2EAAAADAQABAAACAQDLSvMLwUKTbP7NXyIfgJJ51KdO7H+oZW2K0H2nmxYVTeYQ8AjrdMlpKcnAa85wfJme1/kTThxaFTnKRm9zoTse2O3FQxebkuiCtcJroxq2ExMiLt3ztsOW8XhkV1P6zQKwy19Z/cffchd58imGJFKNkYKaO5US4sqde0Fdx6tn/5E183l2c8GA4cobBPXLdMWdAu3Y/bOzaYAvpRYxy0tIRKim1CpryBRKLlMOLFjJBMTBt2+QKwT97FQccusXRl0YIA8hZHbUlj72nJ62M1/r62hpww6nJz0FhtceI+nO+ABkqDoGqisym32tfCS86GZrTDuL4v8P+zTetw/jaRC+19r8YrSpP3EgbdVdEQzil/YT2APe+DYP+mX16bCv1CvXPYGVmBuELWnTVVb4qpfFbf+CLPzsWQ3KasmA0mDPUKSBoyohmYPhnNUUfVBpbV8KC2o5bnMskQQOXkK61MOLtVJNdd9kaexaZmSFjIxFjXwz2CzoENeImoGymw9+aDR6TC1aKvnbZdxCFNEdk7aNq98S57xmD0rswSPTIA0EbK6BFeCwP3VaYMMjRCllwaKUN7I0oISS35EXKELynrRL7ZegzS1L5pGwT3HFgYoNwHE+HpWZmvUTBggVMG1J5NgvMrjtRvxz6xXQZnuiB3PtcX5c53SOHcF7kaO8thSIZQ== houssem@houssem-PowerEdge-T20"
                        },
                        "meta": {},
                        "tainted": false
                    },
                    "deposed": [],
                    "provider": ""
                },
                "null_resource.copy-supervisor-config-low-0_8_1.0": {
                    "type": "null_resource",
                    "depends_on": [
                        "module.storageos_cluster-low-0_8_1"
                    ],
                    "primary": {
                        "id": "4683532795659557260",
                        "attributes": {
                            "id": "4683532795659557260"
                        },
                        "meta": {},
                        "tainted": false
                    },
                    "deposed": [],
                    "provider": ""
                },
                "null_resource.copy-supervisor-config-low-0_8_1.1": {
                    "type": "null_resource",
                    "depends_on": [
                        "module.storageos_cluster-low-0_8_1"
                    ],
                    "primary": {
                        "id": "7819338588079383342",
                        "attributes": {
                            "id": "7819338588079383342"
                        },
                        "meta": {},
                        "tainted": false
                    },
                    "deposed": [],
                    "provider": ""
                },
                "null_resource.copy-supervisor-config-low-0_8_1.2": {
                    "type": "null_resource",
                    "depends_on": [
                        "module.storageos_cluster-low-0_8_1"
                    ],
                    "primary": {
                        "id": "3202499992839595159",
                        "attributes": {
                            "id": "3202499992839595159"
                        },
                        "meta": {},
                        "tainted": false
                    },
                    "deposed": [],
                    "provider": ""
                }
            },
            "depends_on": []
        },
        {
            "path": [
                "root",
                "storageos_cluster"
            ],
            "outputs": {},
            "resources": {},
            "depends_on": []
        },
        {
            "path": [
                "root",
                "storageos_cluster-low-0_8_1"
            ],
            "outputs": {
                "ip-addrs": {
                    "sensitive": false,
                    "type": "list",
                    "value": [
                        "46.101.56.190",
                        "178.62.114.126",
                        "46.101.44.95"
                    ]
                }
            },
            "resources": {
                "data.template_file.cluster_config": {
                    "type": "template_file",
                    "depends_on": [
                        "digitalocean_droplet.storageos-ubuntu.*"
                    ],
                    "primary": {
                        "id": "2f65feabd122f4d1c3456131a39187dc1b9afca789ef63c8024c0bfa08e6f3ed",
                        "attributes": {
                            "id": "2f65feabd122f4d1c3456131a39187dc1b9afca789ef63c8024c0bfa08e6f3ed",
                            "rendered": "INITIAL_CLUSTER=machine-0=http://46.101.56.190:5707,machine-1=http://178.62.114.126:5707,machine-2=http://46.101.44.95:5707",
                            "template": "INITIAL_CLUSTER=machine-0=http://46.101.56.190:5707,machine-1=http://178.62.114.126:5707,machine-2=http://46.101.44.95:5707"
                        },
                        "meta": {},
                        "tainted": false
                    },
                    "deposed": [],
                    "provider": ""
                },
                "digitalocean_droplet.storageos-ubuntu.0": {
                    "type": "digitalocean_droplet",
                    "depends_on": [
                        "digitalocean_tag.tag"
                    ],
                    "primary": {
                        "id": "61873756",
                        "attributes": {
                            "disk": "40",
                            "id": "61873756",
                            "image": "ubuntu-16-04-x64",
                            "ipv4_address": "46.101.56.190",
                            "ipv4_address_private": "10.131.18.196",
                            "locked": "false",
                            "name": "machine-0",
                            "price_hourly": "0.02976",
                            "price_monthly": "20",
                            "private_networking": "true",
                            "region": "lon1",
                            "resize_disk": "true",
                            "size": "2gb",
                            "ssh_keys.#": "1",
                            "ssh_keys.0": "b1:cd:87:e6:e9:79:4a:eb:05:a0:83:65:18:18:6e:a5",
                            "status": "active",
                            "tags.#": "1",
                            "tags.0": "stress-low-0_8_1",
                            "vcpus": "2"
                        },
                        "meta": {},
                        "tainted": false
                    },
                    "deposed": [],
                    "provider": ""
                },
                "digitalocean_droplet.storageos-ubuntu.1": {
                    "type": "digitalocean_droplet",
                    "depends_on": [
                        "digitalocean_tag.tag"
                    ],
                    "primary": {
                        "id": "61873752",
                        "attributes": {
                            "disk": "40",
                            "id": "61873752",
                            "image": "ubuntu-16-04-x64",
                            "ipv4_address": "178.62.114.126",
                            "ipv4_address_private": "10.131.14.113",
                            "locked": "false",
                            "name": "machine-1",
                            "price_hourly": "0.02976",
                            "price_monthly": "20",
                            "private_networking": "true",
                            "region": "lon1",
                            "resize_disk": "true",
                            "size": "2gb",
                            "ssh_keys.#": "1",
                            "ssh_keys.0": "b1:cd:87:e6:e9:79:4a:eb:05:a0:83:65:18:18:6e:a5",
                            "status": "active",
                            "tags.#": "1",
                            "tags.0": "stress-low-0_8_1",
                            "vcpus": "2"
                        },
                        "meta": {},
                        "tainted": false
                    },
                    "deposed": [],
                    "provider": ""
                },
                "digitalocean_droplet.storageos-ubuntu.2": {
                    "type": "digitalocean_droplet",
                    "depends_on": [
                        "digitalocean_tag.tag"
                    ],
                    "primary": {
                        "id": "61873755",
                        "attributes": {
                            "disk": "40",
                            "id": "61873755",
                            "image": "ubuntu-16-04-x64",
                            "ipv4_address": "46.101.44.95",
                            "ipv4_address_private": "10.131.14.138",
                            "locked": "false",
                            "name": "machine-2",
                            "price_hourly": "0.02976",
                            "price_monthly": "20",
                            "private_networking": "true",
                            "region": "lon1",
                            "resize_disk": "true",
                            "size": "2gb",
                            "ssh_keys.#": "1",
                            "ssh_keys.0": "b1:cd:87:e6:e9:79:4a:eb:05:a0:83:65:18:18:6e:a5",
                            "status": "active",
                            "tags.#": "1",
                            "tags.0": "stress-low-0_8_1",
                            "vcpus": "2"
                        },
                        "meta": {},
                        "tainted": false
                    },
                    "deposed": [],
                    "provider": ""
                },
                "digitalocean_tag.tag": {
                    "type": "digitalocean_tag",
                    "depends_on": [],
                    "primary": {
                        "id": "stress-low-0_8_1",
                        "attributes": {
                            "id": "stress-low-0_8_1",
                            "name": "stress-low-0_8_1"
                        },
                        "meta": {},
                        "tainted": false
                    },
                    "deposed": [],
                    "provider": ""
                },
                "null_resource.run-storageOS.0": {
                    "type": "null_resource",
                    "depends_on": [
                        "data.template_file.cluster_config",
                        "digitalocean_droplet.storageos-ubuntu.*"
                    ],
                    "primary": {
                        "id": "433244897798615561",
                        "attributes": {
                            "id": "433244897798615561"
                        },
                        "meta": {},
                        "tainted": false
                    },
                    "deposed": [],
                    "provider": ""
                },
                "null_resource.run-storageOS.1": {
                    "type": "null_resource",
                    "depends_on": [
                        "data.template_file.cluster_config",
                        "digitalocean_droplet.storageos-ubuntu.*"
                    ],
                    "primary": {
                        "id": "1713088058481801170",
                        "attributes": {
                            "id": "1713088058481801170"
                        },
                        "meta": {},
                        "tainted": false
                    },
                    "deposed": [],
                    "provider": ""
                },
                "null_resource.run-storageOS.2": {
                    "type": "null_resource",
                    "depends_on": [
                        "data.template_file.cluster_config",
                        "digitalocean_droplet.storageos-ubuntu.*"
                    ],
                    "primary": {
                        "id": "801055617428416241",
                        "attributes": {
                            "id": "801055617428416241"
                        },
                        "meta": {},
                        "tainted": false
                    },
                    "deposed": [],
                    "provider": ""
                }
            },
            "depends_on": []
        },
        {
            "path": [
                "root",
                "storageos_cluster_2"
            ],
            "outputs": {},
            "resources": {},
            "depends_on": []
        }
    ]
}
