{
    "version": 3,
    "terraform_version": "0.10.2",
    "serial": 10,
    "lineage": "14b4176e-2460-4ef4-b330-03cc95b4acc2",
    "modules": [
        {
            "path": [
                "root"
            ],
            "outputs": {
                "cluster_conn": {
                    "sensitive": false,
                    "type": "list",
                    "value": [
                        "138.68.188.237",
                        "138.68.180.146",
                        "138.68.188.252"
                    ]
                }
            },
            "resources": {
                "null_resource.copy-stress-tests.0": {
                    "type": "null_resource",
                    "depends_on": [
                        "module.storageos_cluster"
                    ],
                    "primary": {
                        "id": "6879470549929787776",
                        "attributes": {
                            "id": "6879470549929787776"
                        },
                        "meta": {},
                        "tainted": false
                    },
                    "deposed": [],
                    "provider": ""
                },
                "null_resource.copy-stress-tests.1": {
                    "type": "null_resource",
                    "depends_on": [
                        "module.storageos_cluster"
                    ],
                    "primary": {
                        "id": "2833224609150934261",
                        "attributes": {
                            "id": "2833224609150934261"
                        },
                        "meta": {},
                        "tainted": false
                    },
                    "deposed": [],
                    "provider": ""
                },
                "null_resource.copy-stress-tests.2": {
                    "type": "null_resource",
                    "depends_on": [
                        "module.storageos_cluster"
                    ],
                    "primary": {
                        "id": "2452212923397734770",
                        "attributes": {
                            "id": "2452212923397734770"
                        },
                        "meta": {},
                        "tainted": false
                    },
                    "deposed": [],
                    "provider": ""
                }
            },
            "depends_on": []
        },
        {
            "path": [
                "root",
                "storageos_cluster"
            ],
            "outputs": {
                "ip-addrs": {
                    "sensitive": false,
                    "type": "list",
                    "value": [
                        "138.68.188.237",
                        "138.68.180.146",
                        "138.68.188.252"
                    ]
                }
            },
            "resources": {
                "digitalocean_droplet.storageos-ubuntu.0": {
                    "type": "digitalocean_droplet",
                    "depends_on": [
                        "digitalocean_ssh_key.default",
                        "digitalocean_tag.tag"
                    ],
                    "primary": {
                        "id": "61113451",
                        "attributes": {
                            "disk": "40",
                            "id": "61113451",
                            "image": "ubuntu-16-04-x64",
                            "ipv4_address": "138.68.188.237",
                            "ipv4_address_private": "10.131.49.15",
                            "locked": "false",
                            "name": "machine-0",
                            "price_hourly": "0.02976",
                            "price_monthly": "20",
                            "private_networking": "true",
                            "region": "lon1",
                            "resize_disk": "true",
                            "size": "2gb",
                            "ssh_keys.#": "1",
                            "ssh_keys.0": "b1:cd:87:e6:e9:79:4a:eb:05:a0:83:65:18:18:6e:a5",
                            "status": "active",
                            "tags.#": "1",
                            "tags.0": "stress",
                            "vcpus": "2"
                        },
                        "meta": {},
                        "tainted": false
                    },
                    "deposed": [],
                    "provider": ""
                },
                "digitalocean_droplet.storageos-ubuntu.1": {
                    "type": "digitalocean_droplet",
                    "depends_on": [
                        "digitalocean_ssh_key.default",
                        "digitalocean_tag.tag"
                    ],
                    "primary": {
                        "id": "61113450",
                        "attributes": {
                            "disk": "40",
                            "id": "61113450",
                            "image": "ubuntu-16-04-x64",
                            "ipv4_address": "138.68.180.146",
                            "ipv4_address_private": "10.131.49.6",
                            "locked": "false",
                            "name": "machine-1",
                            "price_hourly": "0.02976",
                            "price_monthly": "20",
                            "private_networking": "true",
                            "region": "lon1",
                            "resize_disk": "true",
                            "size": "2gb",
                            "ssh_keys.#": "1",
                            "ssh_keys.0": "b1:cd:87:e6:e9:79:4a:eb:05:a0:83:65:18:18:6e:a5",
                            "status": "active",
                            "tags.#": "1",
                            "tags.0": "stress",
                            "vcpus": "2"
                        },
                        "meta": {},
                        "tainted": false
                    },
                    "deposed": [],
                    "provider": ""
                },
                "digitalocean_droplet.storageos-ubuntu.2": {
                    "type": "digitalocean_droplet",
                    "depends_on": [
                        "digitalocean_ssh_key.default",
                        "digitalocean_tag.tag"
                    ],
                    "primary": {
                        "id": "61113452",
                        "attributes": {
                            "disk": "40",
                            "id": "61113452",
                            "image": "ubuntu-16-04-x64",
                            "ipv4_address": "138.68.188.252",
                            "ipv4_address_private": "10.131.49.17",
                            "locked": "false",
                            "name": "machine-2",
                            "price_hourly": "0.02976",
                            "price_monthly": "20",
                            "private_networking": "true",
                            "region": "lon1",
                            "resize_disk": "true",
                            "size": "2gb",
                            "ssh_keys.#": "1",
                            "ssh_keys.0": "b1:cd:87:e6:e9:79:4a:eb:05:a0:83:65:18:18:6e:a5",
                            "status": "active",
                            "tags.#": "1",
                            "tags.0": "stress",
                            "vcpus": "2"
                        },
                        "meta": {},
                        "tainted": false
                    },
                    "deposed": [],
                    "provider": ""
                },
                "digitalocean_ssh_key.default": {
                    "type": "digitalocean_ssh_key",
                    "depends_on": [],
                    "primary": {
                        "id": "12654824",
                        "attributes": {
                            "fingerprint": "b1:cd:87:e6:e9:79:4a:eb:05:a0:83:65:18:18:6e:a5",
                            "id": "12654824",
                            "name": "storageos ssh key",
                            "public_key": "ssh-rsa AAAAB3NzaC1yc2EAAAADAQABAAACAQDLSvMLwUKTbP7NXyIfgJJ51KdO7H+oZW2K0H2nmxYVTeYQ8AjrdMlpKcnAa85wfJme1/kTThxaFTnKRm9zoTse2O3FQxebkuiCtcJroxq2ExMiLt3ztsOW8XhkV1P6zQKwy19Z/cffchd58imGJFKNkYKaO5US4sqde0Fdx6tn/5E183l2c8GA4cobBPXLdMWdAu3Y/bOzaYAvpRYxy0tIRKim1CpryBRKLlMOLFjJBMTBt2+QKwT97FQccusXRl0YIA8hZHbUlj72nJ62M1/r62hpww6nJz0FhtceI+nO+ABkqDoGqisym32tfCS86GZrTDuL4v8P+zTetw/jaRC+19r8YrSpP3EgbdVdEQzil/YT2APe+DYP+mX16bCv1CvXPYGVmBuELWnTVVb4qpfFbf+CLPzsWQ3KasmA0mDPUKSBoyohmYPhnNUUfVBpbV8KC2o5bnMskQQOXkK61MOLtVJNdd9kaexaZmSFjIxFjXwz2CzoENeImoGymw9+aDR6TC1aKvnbZdxCFNEdk7aNq98S57xmD0rswSPTIA0EbK6BFeCwP3VaYMMjRCllwaKUN7I0oISS35EXKELynrRL7ZegzS1L5pGwT3HFgYoNwHE+HpWZmvUTBggVMG1J5NgvMrjtRvxz6xXQZnuiB3PtcX5c53SOHcF7kaO8thSIZQ== houssem@houssem-PowerEdge-T20"
                        },
                        "meta": {},
                        "tainted": false
                    },
                    "deposed": [],
                    "provider": ""
                },
                "digitalocean_tag.tag": {
                    "type": "digitalocean_tag",
                    "depends_on": [],
                    "primary": {
                        "id": "stress",
                        "attributes": {
                            "id": "stress",
                            "name": "stress"
                        },
                        "meta": {},
                        "tainted": false
                    },
                    "deposed": [],
                    "provider": ""
                }
            },
            "depends_on": []
        }
    ]
}
